<?xml version="1.0" encoding="utf-8"?>
<Project ToolsVersion="4.0" xmlns="http://schemas.microsoft.com/developer/msbuild/2003">
  <ItemGroup>
    <ClInclude Include="src\framework\MakiDebugNetListener.h" />
    <ClInclude Include="src\framework\MakiEntity.h" />
    <ClInclude Include="src\framework\MakiScene.h" />
    <ClInclude Include="src\framework\MakiSceneLoader.h" />
    <ClInclude Include="src\framework\MakiCascadeHelper.h" />
    <ClInclude Include="src\framework\framework_stdafx.h" />
    <ClInclude Include="src\framework\MakiAnimationBlender.h" />
    <ClInclude Include="src\framework\MakiTween.h" />
    <ClInclude Include="src\framework\MakiComponent.h" />
    <ClInclude Include="src\framework\components\MakiMeshComponent.h">
      <Filter>components</Filter>
    </ClInclude>
    <ClInclude Include="src\framework\MakiSystem.h" />
    <ClInclude Include="src\framework\components\MakiSceneNodeComponent.h">
      <Filter>components</Filter>
    </ClInclude>
    <ClInclude Include="src\framework\systems\MakiRenderSystem.h">
      <Filter>systems</Filter>
    </ClInclude>
    <ClInclude Include="src\framework\components\MakiSkeletonComponent.h">
      <Filter>components</Filter>
    </ClInclude>
    <ClInclude Include="src\framework\systems\MakiSkeletonSystem.h">
      <Filter>systems</Filter>
    </ClInclude>
    <ClInclude Include="src\framework\components\MakiTransformComponent.h">
      <Filter>components</Filter>
    </ClInclude>
    <ClInclude Include="src\framework\systems\MakiSceneGraphSystem.h">
      <Filter>systems</Filter>
    </ClInclude>
    <ClInclude Include="src\framework\MakiComponentPool.h" />
    <ClInclude Include="src\framework\MakiComponentPoolBase.h" />
    <ClInclude Include="src\framework\components\MakiLightComponent.h">
      <Filter>components</Filter>
    </ClInclude>
    <ClInclude Include="src\framework\components\MakiCameraComponent.h">
      <Filter>components</Filter>
    </ClInclude>
    <ClInclude Include="src\framework\systems\MakiLightingSystem.h">
      <Filter>systems</Filter>
    </ClInclude>
    <ClInclude Include="src\framework\systems\MakiCameraSystem.h">
      <Filter>systems</Filter>
    </ClInclude>
    <ClInclude Include="src\framework\systems\MakiFlyCamSystem.h">
      <Filter>systems</Filter>
    </ClInclude>
    <ClInclude Include="src\framework\components\MakiPhysicsComponent.h">
      <Filter>components</Filter>
    </ClInclude>
    <ClInclude Include="src\framework\components\MakiScriptComponent.h">
      <Filter>components</Filter>
    </ClInclude>
    <ClInclude Include="src\framework\MakiScriptManager.h" />
    <ClInclude Include="src\framework\MakiScript.h" />
    <ClInclude Include="src\framework\MakiFrameworkManagers.h" />
    <ClInclude Include="src\framework\systems\MakiScriptingSystem.h">
      <Filter>systems</Filter>
    </ClInclude>
    <ClInclude Include="src\framework\MakiScriptingApi.h" />
    <ClInclude Include="src\framework\components\MakiNameComponent.h">
      <Filter>components</Filter>
    </ClInclude>
    <ClInclude Include="src\framework\systems\MakiNameSystem.h">
      <Filter>systems</Filter>
    </ClInclude>
    <ClInclude Include="src\framework\MakiEntityPool.h" />
    <ClInclude Include="src\framework\systems\MakiPhysicsSystem.h">
      <Filter>systems</Filter>
    </ClInclude>
    <ClInclude Include="src\framework\MakiDebugPhysicsRenderer.h" />
    <ClInclude Include="src\framework\MakiScriptUtils.h" />
    <ClInclude Include="src\framework\components\MakiNavMeshComponent.h">
      <Filter>components</Filter>
    </ClInclude>
    <ClInclude Include="src\framework\MakiFlashMovieManager.h" />
    <ClInclude Include="src\framework\MakiFlashMovie.h" />
    <ClInclude Include="src\framework\MakiFlashMovieState.h" />
    <ClInclude Include="src\framework\hash\fnv.h">
      <Filter>hash</Filter>
    </ClInclude>
    <ClInclude Include="src\framework\MakiMessage.h" />
    <ClInclude Include="src\framework\MakiMessageHub.h" />
    <ClInclude Include="src\framework\components\MakiMetaComponent.h">
      <Filter>components</Filter>
    </ClInclude>
  </ItemGroup>
  <ItemGroup>
    <ClCompile Include="src\framework\MakiEntity.cpp" />
    <ClCompile Include="src\framework\MakiScene.cpp" />
    <ClCompile Include="src\framework\MakiSceneLoader.cpp" />
    <ClCompile Include="src\framework\MakiDebugNetListener.cpp" />
    <ClCompile Include="src\framework\framework_stdafx.cpp" />
    <ClCompile Include="src\framework\MakiAnimationBlender.cpp" />
    <ClCompile Include="src\framework\components\MakiMeshComponent.cpp">
      <Filter>components</Filter>
    </ClCompile>
    <ClCompile Include="src\framework\components\MakiSceneNodeComponent.cpp">
      <Filter>components</Filter>
    </ClCompile>
    <ClCompile Include="src\framework\systems\MakiRenderSystem.cpp">
      <Filter>systems</Filter>
    </ClCompile>
    <ClCompile Include="src\framework\components\MakiSkeletonComponent.cpp">
      <Filter>components</Filter>
    </ClCompile>
    <ClCompile Include="src\framework\systems\MakiSkeletonSystem.cpp">
      <Filter>systems</Filter>
    </ClCompile>
    <ClCompile Include="src\framework\components\MakiTransformComponent.cpp">
      <Filter>components</Filter>
    </ClCompile>
    <ClCompile Include="src\framework\systems\MakiSceneGraphSystem.cpp">
      <Filter>systems</Filter>
    </ClCompile>
    <ClCompile Include="src\framework\MakiSystem.cpp" />
    <ClCompile Include="src\framework\MakiComponentPoolBase.cpp" />
    <ClCompile Include="src\framework\components\MakiLightComponent.cpp">
      <Filter>components</Filter>
    </ClCompile>
    <ClCompile Include="src\framework\components\MakiCameraComponent.cpp">
      <Filter>components</Filter>
    </ClCompile>
    <ClCompile Include="src\framework\systems\MakiLightingSystem.cpp">
      <Filter>systems</Filter>
    </ClCompile>
    <ClCompile Include="src\framework\systems\MakiCameraSystem.cpp">
      <Filter>systems</Filter>
    </ClCompile>
    <ClCompile Include="src\framework\systems\MakiFlyCamSystem.cpp">
      <Filter>systems</Filter>
    </ClCompile>
    <ClCompile Include="src\framework\components\MakiPhysicsComponent.cpp">
      <Filter>components</Filter>
    </ClCompile>
    <ClCompile Include="src\framework\components\MakiScriptComponent.cpp">
      <Filter>components</Filter>
    </ClCompile>
    <ClCompile Include="src\framework\MakiScriptManager.cpp" />
    <ClCompile Include="src\framework\MakiScript.cpp" />
    <ClCompile Include="src\framework\MakiFrameworkManagers.cpp" />
    <ClCompile Include="src\framework\systems\MakiScriptingSystem.cpp">
      <Filter>systems</Filter>
    </ClCompile>
    <ClCompile Include="src\framework\MakiScriptingApi.cpp" />
    <ClCompile Include="src\framework\components\MakiNameComponent.cpp">
      <Filter>components</Filter>
    </ClCompile>
    <ClCompile Include="src\framework\systems\MakiPhysicsSystem.cpp">
      <Filter>systems</Filter>
    </ClCompile>
    <ClCompile Include="src\framework\MakiDebugPhysicsRenderer.cpp" />
    <ClCompile Include="src\framework\MakiScriptUtils.cpp" />
    <ClCompile Include="src\framework\components\MakiNavMeshComponent.cpp">
      <Filter>components</Filter>
    </ClCompile>
    <ClCompile Include="src\framework\MakiFlashMovieManager.cpp" />
    <ClCompile Include="src\framework\MakiFlashMovie.cpp" />
    <ClCompile Include="src\framework\MakiFlashMovieState.cpp" />
    <ClCompile Include="src\framework\hash\hash_32a.cpp">
      <Filter>hash</Filter>
    </ClCompile>
    <ClCompile Include="src\framework\MakiMessageHub.cpp" />
    <ClCompile Include="src\framework\components\MakiMetaComponent.cpp">
      <Filter>components</Filter>
    </ClCompile>
  </ItemGroup>
  <ItemGroup>
    <Filter Include="components">
      <UniqueIdentifier>{2ce81925-dde8-4311-a9c3-714b23be9aef}</UniqueIdentifier>
    </Filter>
    <Filter Include="systems">
      <UniqueIdentifier>{fc8c85ff-cb42-4b3f-b599-549038b5483c}</UniqueIdentifier>
    </Filter>
    <Filter Include="hash">
      <UniqueIdentifier>{97dbf159-4666-4d4f-818d-0973fe1eca2d}</UniqueIdentifier>
    </Filter>
  </ItemGroup>
</Project>