<?xml version="1.0" encoding="utf-8"?>
<Project ToolsVersion="4.0" xmlns="http://schemas.microsoft.com/developer/msbuild/2003">
  <ItemGroup>
    <ClCompile Include="src\lualayer\lualayer_stdafx.cpp" />
    <ClCompile Include="src\lualayer\MakiDebugNetListener.cpp" />
    <ClCompile Include="src\lualayer\MakiLuaContext.cpp" />
    <ClCompile Include="src\lualayer\modules\MakiModMaki.cpp">
      <Filter>modules</Filter>
    </ClCompile>
  </ItemGroup>
  <ItemGroup>
    <ClInclude Include="src\lualayer\lualayer_stdafx.h" />
    <ClInclude Include="src\lualayer\MakiDebugNetListener.h" />
    <ClInclude Include="src\lualayer\MakiTween.h" />
    <ClInclude Include="src\lualayer\MakiLuaContext.h" />
    <ClInclude Include="src\lualayer\modules\MakiModMaki.h">
      <Filter>modules</Filter>
    </ClInclude>
  </ItemGroup>
  <ItemGroup>
    <Filter Include="modules">
      <UniqueIdentifier>{7a65f526-680e-433a-af39-3116692be0ca}</UniqueIdentifier>
    </Filter>
  </ItemGroup>
</Project>